// !$*UTF8*$!
{
	archiveVersion = 1;
	classes = {
	};
	objectVersion = 46;
	objects = {

/* Begin PBXBuildFile section */
		D3498C691E79EFA900B8FAB2 /* AppDelegate.swift in Sources */ = {isa = PBXBuildFile; fileRef = D3498C681E79EFA900B8FAB2 /* AppDelegate.swift */; };
		D3498C6B1E79EFA900B8FAB2 /* ViewController.swift in Sources */ = {isa = PBXBuildFile; fileRef = D3498C6A1E79EFA900B8FAB2 /* ViewController.swift */; };
		D3498C6E1E79EFA900B8FAB2 /* Main.storyboard in Resources */ = {isa = PBXBuildFile; fileRef = D3498C6C1E79EFA900B8FAB2 /* Main.storyboard */; };
		D3498C701E79EFA900B8FAB2 /* Assets.xcassets in Resources */ = {isa = PBXBuildFile; fileRef = D3498C6F1E79EFA900B8FAB2 /* Assets.xcassets */; };
		D3498C731E79EFA900B8FAB2 /* LaunchScreen.storyboard in Resources */ = {isa = PBXBuildFile; fileRef = D3498C711E79EFA900B8FAB2 /* LaunchScreen.storyboard */; };
/* End PBXBuildFile section */

/* Begin PBXFileReference section */
		D3498C651E79EFA900B8FAB2 /* FinalQuiz.app */ = {isa = PBXFileReference; explicitFileType = wrapper.application; includeInIndex = 0; path = FinalQuiz.app; sourceTree = BUILT_PRODUCTS_DIR; };
		D3498C681E79EFA900B8FAB2 /* AppDelegate.swift */ = {isa = PBXFileReference; lastKnownFileType = sourcecode.swift; path = AppDelegate.swift; sourceTree = "<group>"; };
		D3498C6A1E79EFA900B8FAB2 /* ViewController.swift */ = {isa = PBXFileReference; lastKnownFileType = sourcecode.swift; path = ViewController.swift; sourceTree = "<group>"; };
		D3498C6D1E79EFA900B8FAB2 /* Base */ = {isa = PBXFileReference; lastKnownFileType = file.storyboard; name = Base; path = Base.lproj/Main.storyboard; sourceTree = "<group>"; };
		D3498C6F1E79EFA900B8FAB2 /* Assets.xcassets */ = {isa = PBXFileReference; lastKnownFileType = folder.assetcatalog; path = Assets.xcassets; sourceTree = "<group>"; };
		D3498C721E79EFA900B8FAB2 /* Base */ = {isa = PBXFileReference; lastKnownFileType = file.storyboard; name = Base; path = Base.lproj/LaunchScreen.storyboard; sourceTree = "<group>"; };
		D3498C741E79EFA900B8FAB2 /* Info.plist */ = {isa = PBXFileReference; lastKnownFileType = text.plist.xml; path = Info.plist; sourceTree = "<group>"; };
/* End PBXFileReference section */

/* Begin PBXFrameworksBuildPhase section */
		D3498C621E79EFA900B8FAB2 /* Frameworks */ = {
			isa = PBXFrameworksBuildPhase;
			buildActionMask = 2147483647;
			files = (
			);
			runOnlyForDeploymentPostprocessing = 0;
		};
/* End PBXFrameworksBuildPhase section */

/* Begin PBXGroup section */
		D3498C5C1E79EFA900B8FAB2 = {
			isa = PBXGroup;
			children = (
				D3498C671E79EFA900B8FAB2 /* FinalQuiz */,
				D3498C661E79EFA900B8FAB2 /* Products */,
			);
			sourceTree = "<group>";
		};
		D3498C661E79EFA900B8FAB2 /* Products */ = {
			isa = PBXGroup;
			children = (
				D3498C651E79EFA900B8FAB2 /* FinalQuiz.app */,
			);
			name = Products;
			sourceTree = "<group>";
		};
		D3498C671E79EFA900B8FAB2 /* FinalQuiz */ = {
			isa = PBXGroup;
			children = (
				D3498C681E79EFA900B8FAB2 /* AppDelegate.swift */,
				D3498C6A1E79EFA900B8FAB2 /* ViewController.swift */,
				D3498C6C1E79EFA900B8FAB2 /* Main.storyboard */,
				D3498C6F1E79EFA900B8FAB2 /* Assets.xcassets */,
				D3498C711E79EFA900B8FAB2 /* LaunchScreen.storyboard */,
				D3498C741E79EFA900B8FAB2 /* Info.plist */,
			);
			path = FinalQuiz;
			sourceTree = "<group>";
		};
/* End PBXGroup section */

/* Begin PBXNativeTarget section */
		D3498C641E79EFA900B8FAB2 /* FinalQuiz */ = {
			isa = PBXNativeTarget;
			buildConfigurationList = D3498C771E79EFA900B8FAB2 /* Build configuration list for PBXNativeTarget "FinalQuiz" */;
			buildPhases = (
				D3498C611E79EFA900B8FAB2 /* Sources */,
				D3498C621E79EFA900B8FAB2 /* Frameworks */,
				D3498C631E79EFA900B8FAB2 /* Resources */,
			);
			buildRules = (
			);
			dependencies = (
			);
			name = FinalQuiz;
			productName = FinalQuiz;
			productReference = D3498C651E79EFA900B8FAB2 /* FinalQuiz.app */;
			productType = "com.apple.product-type.application";
		};
/* End PBXNativeTarget section */

/* Begin PBXProject section */
		D3498C5D1E79EFA900B8FAB2 /* Project object */ = {
			isa = PBXProject;
			attributes = {
				LastSwiftUpdateCheck = 0820;
				LastUpgradeCheck = 0820;
				ORGANIZATIONNAME = "Anthony Pound";
				TargetAttributes = {
					D3498C641E79EFA900B8FAB2 = {
						CreatedOnToolsVersion = 8.2.1;
						DevelopmentTeam = NK9LQSBXDN;
						ProvisioningStyle = Automatic;
					};
				};
			};
			buildConfigurationList = D3498C601E79EFA900B8FAB2 /* Build configuration list for PBXProject "FinalQuiz" */;
			compatibilityVersion = "Xcode 3.2";
			developmentRegion = English;
			hasScannedForEncodings = 0;
			knownRegions = (
				en,
				Base,
			);
			mainGroup = D3498C5C1E79EFA900B8FAB2;
			productRefGroup = D3498C661E79EFA900B8FAB2 /* Products */;
			projectDirPath = "";
			projectRoot = "";
			targets = (
				D3498C641E79EFA900B8FAB2 /* FinalQuiz */,
			);
		};
/* End PBXProject section */

/* Begin PBXResourcesBuildPhase section */
		D3498C631E79EFA900B8FAB2 /* Resources */ = {
			isa = PBXResourcesBuildPhase;
			buildActionMask = 2147483647;
			files = (
				D3498C731E79EFA900B8FAB2 /* LaunchScreen.storyboard in Resources */,
				D3498C701E79EFA900B8FAB2 /* Assets.xcassets in Resources */,
				D3498C6E1E79EFA900B8FAB2 /* Main.storyboard in Resources */,
			);
			runOnlyForDeploymentPostprocessing = 0;
		};
/* End PBXResourcesBuildPhase section */

/* Begin PBXSourcesBuildPhase section */
		D3498C611E79EFA900B8FAB2 /* Sources */ = {
			isa = PBXSourcesBuildPhase;
			buildActionMask = 2147483647;
			files = (
				D3498C6B1E79EFA900B8FAB2 /* ViewController.swift in Sources */,
				D3498C691E79EFA900B8FAB2 /* AppDelegate.swift in Sources */,
			);
			runOnlyForDeploymentPostprocessing = 0;
		};
/* End PBXSourcesBuildPhase section */

/* Begin PBXVariantGroup section */
		D3498C6C1E79EFA900B8FAB2 /* Main.storyboard */ = {
			isa = PBXVariantGroup;
			children = (
				D3498C6D1E79EFA900B8FAB2 /* Base */,
			);
			name = Main.storyboard;
			sourceTree = "<group>";
		};
		D3498C711E79EFA900B8FAB2 /* LaunchScreen.storyboard */ = {
			isa = PBXVariantGroup;
			children = (
				D3498C721E79EFA900B8FAB2 /* Base */,
			);
			name = LaunchScreen.storyboard;
			sourceTree = "<group>";
		};
/* End PBXVariantGroup section */

/* Begin XCBuildConfiguration section */
		D3498C751E79EFA900B8FAB2 /* Debug */ = {
			isa = XCBuildConfiguration;
			buildSettings = {
				ALWAYS_SEARCH_USER_PATHS = NO;
				CLANG_ANALYZER_NONNULL = YES;
				CLANG_CXX_LANGUAGE_STANDARD = "gnu++0x";
				CLANG_CXX_LIBRARY = "libc++";
				CLANG_ENABLE_MODULES = YES;
				CLANG_ENABLE_OBJC_ARC = YES;
				CLANG_WARN_BOOL_CONVERSION = YES;
				CLANG_WARN_CONSTANT_CONVERSION = YES;
				CLANG_WARN_DIRECT_OBJC_ISA_USAGE = YES_ERROR;
				CLANG_WARN_DOCUMENTATION_COMMENTS = YES;
				CLANG_WARN_EMPTY_BODY = YES;
				CLANG_WARN_ENUM_CONVERSION = YES;
				CLANG_WARN_INFINITE_RECURSION = YES;
				CLANG_WARN_INT_CONVERSION = YES;
				CLANG_WARN_OBJC_ROOT_CLASS = YES_ERROR;
				CLANG_WARN_SUSPICIOUS_MOVE = YES;
				CLANG_WARN_UNREACHABLE_CODE = YES;
				CLANG_WARN__DUPLICATE_METHOD_MATCH = YES;
				"CODE_SIGN_IDENTITY[sdk=iphoneos*]" = "iPhone Developer";
				COPY_PHASE_STRIP = NO;
				DEBUG_INFORMATION_FORMAT = dwarf;
				ENABLE_STRICT_OBJC_MSGSEND = YES;
				ENABLE_TESTABILITY = YES;
				GCC_C_LANGUAGE_STANDARD = gnu99;
				GCC_DYNAMIC_NO_PIC = NO;
				GCC_NO_COMMON_BLOCKS = YES;
				GCC_OPTIMIZATION_LEVEL = 0;
				GCC_PREPROCESSOR_DEFINITIONS = (
					"DEBUG=1",
					"$(inherited)",
				);
				GCC_WARN_64_TO_32_BIT_CONVERSION = YES;
				GCC_WARN_ABOUT_RETURN_TYPE = YES_ERROR;
				GCC_WARN_UNDECLARED_SELECTOR = YES;
				GCC_WARN_UNINITIALIZED_AUTOS = YES_AGGRESSIVE;
				GCC_WARN_UNUSED_FUNCTION = YES;
				GCC_WARN_UNUSED_VARIABLE = YES;
				IPHONEOS_DEPLOYMENT_TARGET = 10.2;
				MTL_ENABLE_DEBUG_INFO = YES;
				ONLY_ACTIVE_ARCH = YES;
				SDKROOT = iphoneos;
				SWIFT_ACTIVE_COMPILATION_CONDITIONS = DEBUG;
				SWIFT_OPTIMIZATION_LEVEL = "-Onone";
			};
			name = Debug;
		};
		D3498C761E79EFA900B8FAB2 /* Release */ = {
			isa = XCBuildConfiguration;
			buildSettings = {
				ALWAYS_SEARCH_USER_PATHS = NO;
				CLANG_ANALYZER_NONNULL = YES;
				CLANG_CXX_LANGUAGE_STANDARD = "gnu++0x";
				CLANG_CXX_LIBRARY = "libc++";
				CLANG_ENABLE_MODULES = YES;
				CLANG_ENABLE_OBJC_ARC = YES;
				CLANG_WARN_BOOL_CONVERSION = YES;
				CLANG_WARN_CONSTANT_CONVERSION = YES;
				CLANG_WARN_DIRECT_OBJC_ISA_USAGE = YES_ERROR;
				CLANG_WARN_DOCUMENTATION_COMMENTS = YES;
				CLANG_WARN_EMPTY_BODY = YES;
				CLANG_WARN_ENUM_CONVERSION = YES;
				CLANG_WARN_INFINITE_RECURSION = YES;
				CLANG_WARN_INT_CONVERSION = YES;
				CLANG_WARN_OBJC_ROOT_CLASS = YES_ERROR;
				CLANG_WARN_SUSPICIOUS_MOVE = YES;
				CLANG_WARN_UNREACHABLE_CODE = YES;
				CLANG_WARN__DUPLICATE_METHOD_MATCH = YES;
				"CODE_SIGN_IDENTITY[sdk=iphoneos*]" = "iPhone Developer";
				COPY_PHASE_STRIP = NO;
				DEBUG_INFORMATION_FORMAT = "dwarf-with-dsym";
				ENABLE_NS_ASSERTIONS = NO;
				ENABLE_STRICT_OBJC_MSGSEND = YES;
				GCC_C_LANGUAGE_STANDARD = gnu99;
				GCC_NO_COMMON_BLOCKS = YES;
				GCC_WARN_64_TO_32_BIT_CONVERSION = YES;
				GCC_WARN_ABOUT_RETURN_TYPE = YES_ERROR;
				GCC_WARN_UNDECLARED_SELECTOR = YES;
				GCC_WARN_UNINITIALIZED_AUTOS = YES_AGGRESSIVE;
				GCC_WARN_UNUSED_FUNCTION = YES;
				GCC_WARN_UNUSED_VARIABLE = YES;
				IPHONEOS_DEPLOYMENT_TARGET = 10.2;
				MTL_ENABLE_DEBUG_INFO = NO;
				SDKROOT = iphoneos;
				SWIFT_OPTIMIZATION_LEVEL = "-Owholemodule";
				VALIDATE_PRODUCT = YES;
			};
			name = Release;
		};
		D3498C781E79EFA900B8FAB2 /* Debug */ = {
			isa = XCBuildConfiguration;
			buildSettings = {
				ASSETCATALOG_COMPILER_APPICON_NAME = AppIcon;
				DEVELOPMENT_TEAM = NK9LQSBXDN;
				INFOPLIST_FILE = FinalQuiz/Info.plist;
				IPHONEOS_DEPLOYMENT_TARGET = 9.3;
				LD_RUNPATH_SEARCH_PATHS = "$(inherited) @executable_path/Frameworks";
				PRODUCT_BUNDLE_IDENTIFIER = com.makeschool.FinalQuiz;
				PRODUCT_NAME = "$(TARGET_NAME)";
				SWIFT_VERSION = 3.0;
			};
			name = Debug;
		};
		D3498C791E79EFA900B8FAB2 /* Release */ = {
			isa = XCBuildConfiguration;
			buildSettings = {
				ASSETCATALOG_COMPILER_APPICON_NAME = AppIcon;
				DEVELOPMENT_TEAM = NK9LQSBXDN;
				INFOPLIST_FILE = FinalQuiz/Info.plist;
				IPHONEOS_DEPLOYMENT_TARGET = 9.3;
				LD_RUNPATH_SEARCH_PATHS = "$(inherited) @executable_path/Frameworks";
				PRODUCT_BUNDLE_IDENTIFIER = com.makeschool.FinalQuiz;
				PRODUCT_NAME = "$(TARGET_NAME)";
				SWIFT_VERSION = 3.0;
			};
			name = Release;
		};
/* End XCBuildConfiguration section */

/* Begin XCConfigurationList section */
		D3498C601E79EFA900B8FAB2 /* Build configuration list for PBXProject "FinalQuiz" */ = {
			isa = XCConfigurationList;
			buildConfigurations = (
				D3498C751E79EFA900B8FAB2 /* Debug */,
				D3498C761E79EFA900B8FAB2 /* Release */,
			);
			defaultConfigurationIsVisible = 0;
			defaultConfigurationName = Release;
		};
		D3498C771E79EFA900B8FAB2 /* Build configuration list for PBXNativeTarget "FinalQuiz" */ = {
			isa = XCConfigurationList;
			buildConfigurations = (
				D3498C781E79EFA900B8FAB2 /* Debug */,
				D3498C791E79EFA900B8FAB2 /* Release */,
			);
			defaultConfigurationIsVisible = 0;
			defaultConfigurationName = Release;
		};
/* End XCConfigurationList section */
	};
	rootObject = D3498C5D1E79EFA900B8FAB2 /* Project object */;
}
